
Microsoft Visual Studio Solution File, Format Version 12.00
# Visual Studio Version 17
VisualStudioVersion = 17.6.33815.320
MinimumVisualStudioVersion = 10.0.40219.1
Project("{FAE04EC0-301F-11D3-BF4B-00C04F79EFBC}") = "VMGenerator", "VMGenerator\VMGenerator.csproj", "{C4987472-C68D-4E48-B8A4-C2660A274140}"
EndProject
Global
	GlobalSection(SolutionConfigurationPlatforms) = preSolution
		Debug|Any CPU = Debug|Any CPU
		Release|Any CPU = Release|Any CPU
	EndGlobalSection
	GlobalSection(ProjectConfigurationPlatforms) = postSolution
		{C4987472-C68D-4E48-B8A4-C2660A274140}.Debug|Any CPU.ActiveCfg = Debug|Any CPU
		{C4987472-C68D-4E48-B8A4-C2660A274140}.Debug|Any CPU.Build.0 = Debug|Any CPU
		{C4987472-C68D-4E48-B8A4-C2660A274140}.Release|Any CPU.ActiveCfg = Release|Any CPU
		{C4987472-C68D-4E48-B8A4-C2660A274140}.Release|Any CPU.Build.0 = Release|Any CPU
	EndGlobalSection
	GlobalSection(SolutionProperties) = preSolution
		HideSolutionNode = FALSE
	EndGlobalSection
	GlobalSection(ExtensibilityGlobals) = postSolution
		SolutionGuid = {0DD26CAD-29E4-48F8-8498-F16BE94F4493}
	EndGlobalSection
EndGlobal
